// !$*UTF8*$!
{
	archiveVersion = 1;
	classes = {
	};
	objectVersion = 48;
	objects = {

/* Begin PBXBuildFile section */
		CCB419191FB47E0A0008B372 /* AppDelegate.swift in Sources */ = {isa = PBXBuildFile; fileRef = CCB419181FB47E0A0008B372 /* AppDelegate.swift */; };
		CCB4191B1FB47E0A0008B372 /* ViewController.swift in Sources */ = {isa = PBXBuildFile; fileRef = CCB4191A1FB47E0A0008B372 /* ViewController.swift */; };
		CCB4191E1FB47E0A0008B372 /* Main.storyboard in Resources */ = {isa = PBXBuildFile; fileRef = CCB4191C1FB47E0A0008B372 /* Main.storyboard */; };
		CCB419201FB47E0A0008B372 /* Assets.xcassets in Resources */ = {isa = PBXBuildFile; fileRef = CCB4191F1FB47E0A0008B372 /* Assets.xcassets */; };
		CCB419231FB47E0A0008B372 /* LaunchScreen.storyboard in Resources */ = {isa = PBXBuildFile; fileRef = CCB419211FB47E0A0008B372 /* LaunchScreen.storyboard */; };
		CCB4192B1FB48ED10008B372 /* enum.swift in Sources */ = {isa = PBXBuildFile; fileRef = CCB4192A1FB48ED10008B372 /* enum.swift */; };
/* End PBXBuildFile section */

/* Begin PBXFileReference section */
		CCB419151FB47E0A0008B372 /* Lesson5-Practice1.app */ = {isa = PBXFileReference; explicitFileType = wrapper.application; includeInIndex = 0; path = "Lesson5-Practice1.app"; sourceTree = BUILT_PRODUCTS_DIR; };
		CCB419181FB47E0A0008B372 /* AppDelegate.swift */ = {isa = PBXFileReference; lastKnownFileType = sourcecode.swift; path = AppDelegate.swift; sourceTree = "<group>"; };
		CCB4191A1FB47E0A0008B372 /* ViewController.swift */ = {isa = PBXFileReference; lastKnownFileType = sourcecode.swift; path = ViewController.swift; sourceTree = "<group>"; };
		CCB4191D1FB47E0A0008B372 /* Base */ = {isa = PBXFileReference; lastKnownFileType = file.storyboard; name = Base; path = Base.lproj/Main.storyboard; sourceTree = "<group>"; };
		CCB4191F1FB47E0A0008B372 /* Assets.xcassets */ = {isa = PBXFileReference; lastKnownFileType = folder.assetcatalog; path = Assets.xcassets; sourceTree = "<group>"; };
		CCB419221FB47E0A0008B372 /* Base */ = {isa = PBXFileReference; lastKnownFileType = file.storyboard; name = Base; path = Base.lproj/LaunchScreen.storyboard; sourceTree = "<group>"; };
		CCB419241FB47E0A0008B372 /* Info.plist */ = {isa = PBXFileReference; lastKnownFileType = text.plist.xml; path = Info.plist; sourceTree = "<group>"; };
		CCB4192A1FB48ED10008B372 /* enum.swift */ = {isa = PBXFileReference; lastKnownFileType = sourcecode.swift; path = enum.swift; sourceTree = "<group>"; };
/* End PBXFileReference section */

/* Begin PBXFrameworksBuildPhase section */
		CCB419121FB47E0A0008B372 /* Frameworks */ = {
			isa = PBXFrameworksBuildPhase;
			buildActionMask = 2147483647;
			files = (
			);
			runOnlyForDeploymentPostprocessing = 0;
		};
/* End PBXFrameworksBuildPhase section */

/* Begin PBXGroup section */
		CCB4190C1FB47E0A0008B372 = {
			isa = PBXGroup;
			children = (
				CCB419171FB47E0A0008B372 /* Lesson5-Practice1 */,
				CCB419161FB47E0A0008B372 /* Products */,
			);
			sourceTree = "<group>";
		};
		CCB419161FB47E0A0008B372 /* Products */ = {
			isa = PBXGroup;
			children = (
				CCB419151FB47E0A0008B372 /* Lesson5-Practice1.app */,
			);
			name = Products;
			sourceTree = "<group>";
		};
		CCB419171FB47E0A0008B372 /* Lesson5-Practice1 */ = {
			isa = PBXGroup;
			children = (
				CCB419181FB47E0A0008B372 /* AppDelegate.swift */,
				CCB4191A1FB47E0A0008B372 /* ViewController.swift */,
				CCB4191C1FB47E0A0008B372 /* Main.storyboard */,
				CCB4191F1FB47E0A0008B372 /* Assets.xcassets */,
				CCB419211FB47E0A0008B372 /* LaunchScreen.storyboard */,
				CCB419241FB47E0A0008B372 /* Info.plist */,
				CCB4192A1FB48ED10008B372 /* enum.swift */,
			);
			path = "Lesson5-Practice1";
			sourceTree = "<group>";
		};
/* End PBXGroup section */

/* Begin PBXNativeTarget section */
		CCB419141FB47E0A0008B372 /* Lesson5-Practice1 */ = {
			isa = PBXNativeTarget;
			buildConfigurationList = CCB419271FB47E0A0008B372 /* Build configuration list for PBXNativeTarget "Lesson5-Practice1" */;
			buildPhases = (
				CCB419111FB47E0A0008B372 /* Sources */,
				CCB419121FB47E0A0008B372 /* Frameworks */,
				CCB419131FB47E0A0008B372 /* Resources */,
			);
			buildRules = (
			);
			dependencies = (
			);
			name = "Lesson5-Practice1";
			productName = "Lesson5-Practice1";
			productReference = CCB419151FB47E0A0008B372 /* Lesson5-Practice1.app */;
			productType = "com.apple.product-type.application";
		};
/* End PBXNativeTarget section */

/* Begin PBXProject section */
		CCB4190D1FB47E0A0008B372 /* Project object */ = {
			isa = PBXProject;
			attributes = {
				LastSwiftUpdateCheck = 0910;
				LastUpgradeCheck = 0910;
				ORGANIZATIONNAME = "Chuang Boris";
				TargetAttributes = {
					CCB419141FB47E0A0008B372 = {
						CreatedOnToolsVersion = 9.1;
						ProvisioningStyle = Automatic;
					};
				};
			};
			buildConfigurationList = CCB419101FB47E0A0008B372 /* Build configuration list for PBXProject "Lesson5-Practice1" */;
			compatibilityVersion = "Xcode 8.0";
			developmentRegion = en;
			hasScannedForEncodings = 0;
			knownRegions = (
				en,
				Base,
			);
			mainGroup = CCB4190C1FB47E0A0008B372;
			productRefGroup = CCB419161FB47E0A0008B372 /* Products */;
			projectDirPath = "";
			projectRoot = "";
			targets = (
				CCB419141FB47E0A0008B372 /* Lesson5-Practice1 */,
			);
		};
/* End PBXProject section */

/* Begin PBXResourcesBuildPhase section */
		CCB419131FB47E0A0008B372 /* Resources */ = {
			isa = PBXResourcesBuildPhase;
			buildActionMask = 2147483647;
			files = (
				CCB419231FB47E0A0008B372 /* LaunchScreen.storyboard in Resources */,
				CCB419201FB47E0A0008B372 /* Assets.xcassets in Resources */,
				CCB4191E1FB47E0A0008B372 /* Main.storyboard in Resources */,
			);
			runOnlyForDeploymentPostprocessing = 0;
		};
/* End PBXResourcesBuildPhase section */

/* Begin PBXSourcesBuildPhase section */
		CCB419111FB47E0A0008B372 /* Sources */ = {
			isa = PBXSourcesBuildPhase;
			buildActionMask = 2147483647;
			files = (
				CCB4191B1FB47E0A0008B372 /* ViewController.swift in Sources */,
				CCB419191FB47E0A0008B372 /* AppDelegate.swift in Sources */,
				CCB4192B1FB48ED10008B372 /* enum.swift in Sources */,
			);
			runOnlyForDeploymentPostprocessing = 0;
		};
/* End PBXSourcesBuildPhase section */

/* Begin PBXVariantGroup section */
		CCB4191C1FB47E0A0008B372 /* Main.storyboard */ = {
			isa = PBXVariantGroup;
			children = (
				CCB4191D1FB47E0A0008B372 /* Base */,
			);
			name = Main.storyboard;
			sourceTree = "<group>";
		};
		CCB419211FB47E0A0008B372 /* LaunchScreen.storyboard */ = {
			isa = PBXVariantGroup;
			children = (
				CCB419221FB47E0A0008B372 /* Base */,
			);
			name = LaunchScreen.storyboard;
			sourceTree = "<group>";
		};
/* End PBXVariantGroup section */

/* Begin XCBuildConfiguration section */
		CCB419251FB47E0A0008B372 /* Debug */ = {
			isa = XCBuildConfiguration;
			buildSettings = {
				ALWAYS_SEARCH_USER_PATHS = NO;
				CLANG_ANALYZER_NONNULL = YES;
				CLANG_ANALYZER_NUMBER_OBJECT_CONVERSION = YES_AGGRESSIVE;
				CLANG_CXX_LANGUAGE_STANDARD = "gnu++14";
				CLANG_CXX_LIBRARY = "libc++";
				CLANG_ENABLE_MODULES = YES;
				CLANG_ENABLE_OBJC_ARC = YES;
				CLANG_WARN_BLOCK_CAPTURE_AUTORELEASING = YES;
				CLANG_WARN_BOOL_CONVERSION = YES;
				CLANG_WARN_COMMA = YES;
				CLANG_WARN_CONSTANT_CONVERSION = YES;
				CLANG_WARN_DIRECT_OBJC_ISA_USAGE = YES_ERROR;
				CLANG_WARN_DOCUMENTATION_COMMENTS = YES;
				CLANG_WARN_EMPTY_BODY = YES;
				CLANG_WARN_ENUM_CONVERSION = YES;
				CLANG_WARN_INFINITE_RECURSION = YES;
				CLANG_WARN_INT_CONVERSION = YES;
				CLANG_WARN_NON_LITERAL_NULL_CONVERSION = YES;
				CLANG_WARN_OBJC_LITERAL_CONVERSION = YES;
				CLANG_WARN_OBJC_ROOT_CLASS = YES_ERROR;
				CLANG_WARN_RANGE_LOOP_ANALYSIS = YES;
				CLANG_WARN_STRICT_PROTOTYPES = YES;
				CLANG_WARN_SUSPICIOUS_MOVE = YES;
				CLANG_WARN_UNGUARDED_AVAILABILITY = YES_AGGRESSIVE;
				CLANG_WARN_UNREACHABLE_CODE = YES;
				CLANG_WARN__DUPLICATE_METHOD_MATCH = YES;
				CODE_SIGN_IDENTITY = "iPhone Developer";
				COPY_PHASE_STRIP = NO;
				DEBUG_INFORMATION_FORMAT = dwarf;
				ENABLE_STRICT_OBJC_MSGSEND = YES;
				ENABLE_TESTABILITY = YES;
				GCC_C_LANGUAGE_STANDARD = gnu11;
				GCC_DYNAMIC_NO_PIC = NO;
				GCC_NO_COMMON_BLOCKS = YES;
				GCC_OPTIMIZATION_LEVEL = 0;
				GCC_PREPROCESSOR_DEFINITIONS = (
					"DEBUG=1",
					"$(inherited)",
				);
				GCC_WARN_64_TO_32_BIT_CONVERSION = YES;
				GCC_WARN_ABOUT_RETURN_TYPE = YES_ERROR;
				GCC_WARN_UNDECLARED_SELECTOR = YES;
				GCC_WARN_UNINITIALIZED_AUTOS = YES_AGGRESSIVE;
				GCC_WARN_UNUSED_FUNCTION = YES;
				GCC_WARN_UNUSED_VARIABLE = YES;
				IPHONEOS_DEPLOYMENT_TARGET = 11.1;
				MTL_ENABLE_DEBUG_INFO = YES;
				ONLY_ACTIVE_ARCH = YES;
				SDKROOT = iphoneos;
				SWIFT_ACTIVE_COMPILATION_CONDITIONS = DEBUG;
				SWIFT_OPTIMIZATION_LEVEL = "-Onone";
			};
			name = Debug;
		};
		CCB419261FB47E0A0008B372 /* Release */ = {
			isa = XCBuildConfiguration;
			buildSettings = {
				ALWAYS_SEARCH_USER_PATHS = NO;
				CLANG_ANALYZER_NONNULL = YES;
				CLANG_ANALYZER_NUMBER_OBJECT_CONVERSION = YES_AGGRESSIVE;
				CLANG_CXX_LANGUAGE_STANDARD = "gnu++14";
				CLANG_CXX_LIBRARY = "libc++";
				CLANG_ENABLE_MODULES = YES;
				CLANG_ENABLE_OBJC_ARC = YES;
				CLANG_WARN_BLOCK_CAPTURE_AUTORELEASING = YES;
				CLANG_WARN_BOOL_CONVERSION = YES;
				CLANG_WARN_COMMA = YES;
				CLANG_WARN_CONSTANT_CONVERSION = YES;
				CLANG_WARN_DIRECT_OBJC_ISA_USAGE = YES_ERROR;
				CLANG_WARN_DOCUMENTATION_COMMENTS = YES;
				CLANG_WARN_EMPTY_BODY = YES;
				CLANG_WARN_ENUM_CONVERSION = YES;
				CLANG_WARN_INFINITE_RECURSION = YES;
				CLANG_WARN_INT_CONVERSION = YES;
				CLANG_WARN_NON_LITERAL_NULL_CONVERSION = YES;
				CLANG_WARN_OBJC_LITERAL_CONVERSION = YES;
				CLANG_WARN_OBJC_ROOT_CLASS = YES_ERROR;
				CLANG_WARN_RANGE_LOOP_ANALYSIS = YES;
				CLANG_WARN_STRICT_PROTOTYPES = YES;
				CLANG_WARN_SUSPICIOUS_MOVE = YES;
				CLANG_WARN_UNGUARDED_AVAILABILITY = YES_AGGRESSIVE;
				CLANG_WARN_UNREACHABLE_CODE = YES;
				CLANG_WARN__DUPLICATE_METHOD_MATCH = YES;
				CODE_SIGN_IDENTITY = "iPhone Developer";
				COPY_PHASE_STRIP = NO;
				DEBUG_INFORMATION_FORMAT = "dwarf-with-dsym";
				ENABLE_NS_ASSERTIONS = NO;
				ENABLE_STRICT_OBJC_MSGSEND = YES;
				GCC_C_LANGUAGE_STANDARD = gnu11;
				GCC_NO_COMMON_BLOCKS = YES;
				GCC_WARN_64_TO_32_BIT_CONVERSION = YES;
				GCC_WARN_ABOUT_RETURN_TYPE = YES_ERROR;
				GCC_WARN_UNDECLARED_SELECTOR = YES;
				GCC_WARN_UNINITIALIZED_AUTOS = YES_AGGRESSIVE;
				GCC_WARN_UNUSED_FUNCTION = YES;
				GCC_WARN_UNUSED_VARIABLE = YES;
				IPHONEOS_DEPLOYMENT_TARGET = 11.1;
				MTL_ENABLE_DEBUG_INFO = NO;
				SDKROOT = iphoneos;
				SWIFT_OPTIMIZATION_LEVEL = "-Owholemodule";
				VALIDATE_PRODUCT = YES;
			};
			name = Release;
		};
		CCB419281FB47E0A0008B372 /* Debug */ = {
			isa = XCBuildConfiguration;
			buildSettings = {
				ASSETCATALOG_COMPILER_APPICON_NAME = AppIcon;
				CODE_SIGN_STYLE = Automatic;
				DEVELOPMENT_TEAM = 6V8W5QW9RW;
				INFOPLIST_FILE = "Lesson5-Practice1/Info.plist";
				IPHONEOS_DEPLOYMENT_TARGET = 9.3;
				LD_RUNPATH_SEARCH_PATHS = "$(inherited) @executable_path/Frameworks";
				PRODUCT_BUNDLE_IDENTIFIER = "bchuang.Lesson5-Practice1";
				PRODUCT_NAME = "$(TARGET_NAME)";
				SWIFT_VERSION = 4.0;
				TARGETED_DEVICE_FAMILY = "1,2";
			};
			name = Debug;
		};
		CCB419291FB47E0A0008B372 /* Release */ = {
			isa = XCBuildConfiguration;
			buildSettings = {
				ASSETCATALOG_COMPILER_APPICON_NAME = AppIcon;
				CODE_SIGN_STYLE = Automatic;
				DEVELOPMENT_TEAM = 6V8W5QW9RW;
				INFOPLIST_FILE = "Lesson5-Practice1/Info.plist";
				IPHONEOS_DEPLOYMENT_TARGET = 9.3;
				LD_RUNPATH_SEARCH_PATHS = "$(inherited) @executable_path/Frameworks";
				PRODUCT_BUNDLE_IDENTIFIER = "bchuang.Lesson5-Practice1";
				PRODUCT_NAME = "$(TARGET_NAME)";
				SWIFT_VERSION = 4.0;
				TARGETED_DEVICE_FAMILY = "1,2";
			};
			name = Release;
		};
/* End XCBuildConfiguration section */

/* Begin XCConfigurationList section */
		CCB419101FB47E0A0008B372 /* Build configuration list for PBXProject "Lesson5-Practice1" */ = {
			isa = XCConfigurationList;
			buildConfigurations = (
				CCB419251FB47E0A0008B372 /* Debug */,
				CCB419261FB47E0A0008B372 /* Release */,
			);
			defaultConfigurationIsVisible = 0;
			defaultConfigurationName = Release;
		};
		CCB419271FB47E0A0008B372 /* Build configuration list for PBXNativeTarget "Lesson5-Practice1" */ = {
			isa = XCConfigurationList;
			buildConfigurations = (
				CCB419281FB47E0A0008B372 /* Debug */,
				CCB419291FB47E0A0008B372 /* Release */,
			);
			defaultConfigurationIsVisible = 0;
			defaultConfigurationName = Release;
		};
/* End XCConfigurationList section */
	};
	rootObject = CCB4190D1FB47E0A0008B372 /* Project object */;
}
